// !$*UTF8*$!
{
	archiveVersion = 1;
	classes = {
	};
	objectVersion = 55;
	objects = {

/* Begin PBXBuildFile section */
		68D9B0298078CAF2A6644E06 /* Pods_CoffeeNowApp.framework in Frameworks */ = {isa = PBXBuildFile; fileRef = 47C597BBCC137D9EE2D3998C /* Pods_CoffeeNowApp.framework */; };
		EA1F916B28FD841600C5FAE9 /* AppDelegate.swift in Sources */ = {isa = PBXBuildFile; fileRef = EA1F916A28FD841600C5FAE9 /* AppDelegate.swift */; };
		EA1F916D28FD841600C5FAE9 /* SceneDelegate.swift in Sources */ = {isa = PBXBuildFile; fileRef = EA1F916C28FD841600C5FAE9 /* SceneDelegate.swift */; };
		EA1F917428FD841800C5FAE9 /* Assets.xcassets in Resources */ = {isa = PBXBuildFile; fileRef = EA1F917328FD841800C5FAE9 /* Assets.xcassets */; };
		EA1F917728FD841800C5FAE9 /* LaunchScreen.storyboard in Resources */ = {isa = PBXBuildFile; fileRef = EA1F917528FD841800C5FAE9 /* LaunchScreen.storyboard */; };
		EA1F917F28FD84B500C5FAE9 /* SplashViewController.swift in Sources */ = {isa = PBXBuildFile; fileRef = EA1F917E28FD84B500C5FAE9 /* SplashViewController.swift */; };
		EA1F918628FD860800C5FAE9 /* Constants.swift in Sources */ = {isa = PBXBuildFile; fileRef = EA1F918528FD860800C5FAE9 /* Constants.swift */; };
		EA1F918828FD8CB600C5FAE9 /* LoginViewController.swift in Sources */ = {isa = PBXBuildFile; fileRef = EA1F918728FD8CB600C5FAE9 /* LoginViewController.swift */; };
		EA2315AE2906A3F100A38169 /* CustomTextFieldTableViewCell.swift in Sources */ = {isa = PBXBuildFile; fileRef = EA2315AD2906A3F100A38169 /* CustomTextFieldTableViewCell.swift */; };
		EA2315B02907CF7500A38169 /* CustomYellowButtonTableViewCell.swift in Sources */ = {isa = PBXBuildFile; fileRef = EA2315AF2907CF7500A38169 /* CustomYellowButtonTableViewCell.swift */; };
		EA2315B22907D6C400A38169 /* UIColorExtention.swift in Sources */ = {isa = PBXBuildFile; fileRef = EA2315B12907D6C400A38169 /* UIColorExtention.swift */; };
		EA2315B42907D7F700A38169 /* Enums.swift in Sources */ = {isa = PBXBuildFile; fileRef = EA2315B32907D7F700A38169 /* Enums.swift */; };
		EA2315B62907DF8200A38169 /* QuestionTextTableViewCell.swift in Sources */ = {isa = PBXBuildFile; fileRef = EA2315B52907DF8200A38169 /* QuestionTextTableViewCell.swift */; };
		EA2315B82907E82D00A38169 /* orDividerTableViewCell.swift in Sources */ = {isa = PBXBuildFile; fileRef = EA2315B72907E82D00A38169 /* orDividerTableViewCell.swift */; };
		EA2315BA2907E9CF00A38169 /* socialMediaButtonsTableViewCell.swift in Sources */ = {isa = PBXBuildFile; fileRef = EA2315B92907E9CF00A38169 /* socialMediaButtonsTableViewCell.swift */; };
		EA279C3D29080851002DCEC8 /* RegisterViewController.swift in Sources */ = {isa = PBXBuildFile; fileRef = EA279C3C29080851002DCEC8 /* RegisterViewController.swift */; };
		EA279C3F290815BD002DCEC8 /* AddressViewController.swift in Sources */ = {isa = PBXBuildFile; fileRef = EA279C3E290815BD002DCEC8 /* AddressViewController.swift */; };
		EA4B9266290A8A1B0078C283 /* CoffeeCollectionViewCell.swift in Sources */ = {isa = PBXBuildFile; fileRef = EA4B9265290A8A1B0078C283 /* CoffeeCollectionViewCell.swift */; };
		EAA01DAB29081F1800ABBA3B /* TwoTextFieldTableViewCell.swift in Sources */ = {isa = PBXBuildFile; fileRef = EAA01DAA29081F1800ABBA3B /* TwoTextFieldTableViewCell.swift */; };
		EAA01DAD29091EAE00ABBA3B /* SkipButtonTableViewCell.swift in Sources */ = {isa = PBXBuildFile; fileRef = EAA01DAC29091EAE00ABBA3B /* SkipButtonTableViewCell.swift */; };
		EAA01DAF290922DA00ABBA3B /* ForgotPasswordViewController.swift in Sources */ = {isa = PBXBuildFile; fileRef = EAA01DAE290922DA00ABBA3B /* ForgotPasswordViewController.swift */; };
		EAA01DB32909259300ABBA3B /* TextLabelTableViewCell.swift in Sources */ = {isa = PBXBuildFile; fileRef = EAA01DB22909259300ABBA3B /* TextLabelTableViewCell.swift */; };
		EAA01DB529092B8E00ABBA3B /* HomePageViewController.swift in Sources */ = {isa = PBXBuildFile; fileRef = EAA01DB429092B8E00ABBA3B /* HomePageViewController.swift */; };
		EAA01DB729093A6B00ABBA3B /* HomePageHeaderView.swift in Sources */ = {isa = PBXBuildFile; fileRef = EAA01DB629093A6B00ABBA3B /* HomePageHeaderView.swift */; };
		EAA01DBA2909460600ABBA3B /* Poppins-Regular.ttf in Resources */ = {isa = PBXBuildFile; fileRef = EAA01DB92909460600ABBA3B /* Poppins-Regular.ttf */; };
		EAA01DBC290948DE00ABBA3B /* Poppins-SemiBold.ttf in Resources */ = {isa = PBXBuildFile; fileRef = EAA01DBB290948DE00ABBA3B /* Poppins-SemiBold.ttf */; };
		EAA01DBE29094C1800ABBA3B /* BebasNeue-Regular.ttf in Resources */ = {isa = PBXBuildFile; fileRef = EAA01DBD29094C1800ABBA3B /* BebasNeue-Regular.ttf */; };
		EAA01DC0290952C400ABBA3B /* BannerImageTableViewCell.swift in Sources */ = {isa = PBXBuildFile; fileRef = EAA01DBF290952C400ABBA3B /* BannerImageTableViewCell.swift */; };
		EAA8455129054FD100C7696C /* CustomBorderButtonCell.swift in Sources */ = {isa = PBXBuildFile; fileRef = EAA8455029054FD100C7696C /* CustomBorderButtonCell.swift */; };
		EAA845532905547800C7696C /* LogoBrandView.swift in Sources */ = {isa = PBXBuildFile; fileRef = EAA845522905547800C7696C /* LogoBrandView.swift */; };
		EAF0D6C2290972090062E178 /* RecommendedCoffeesTableViewCell.swift in Sources */ = {isa = PBXBuildFile; fileRef = EAF0D6C1290972090062E178 /* RecommendedCoffeesTableViewCell.swift */; };
		EAF0D6C4290975810062E178 /* CoffeeView.swift in Sources */ = {isa = PBXBuildFile; fileRef = EAF0D6C3290975810062E178 /* CoffeeView.swift */; };
/* End PBXBuildFile section */

/* Begin PBXFileReference section */
		47C597BBCC137D9EE2D3998C /* Pods_CoffeeNowApp.framework */ = {isa = PBXFileReference; explicitFileType = wrapper.framework; includeInIndex = 0; path = Pods_CoffeeNowApp.framework; sourceTree = BUILT_PRODUCTS_DIR; };
		73FAD27778A8E372053A766B /* Pods-CoffeeNowApp.release.xcconfig */ = {isa = PBXFileReference; includeInIndex = 1; lastKnownFileType = text.xcconfig; name = "Pods-CoffeeNowApp.release.xcconfig"; path = "Target Support Files/Pods-CoffeeNowApp/Pods-CoffeeNowApp.release.xcconfig"; sourceTree = "<group>"; };
		BB7CBCC50FE7FECEB940DE59 /* Pods-CoffeeNowApp.debug.xcconfig */ = {isa = PBXFileReference; includeInIndex = 1; lastKnownFileType = text.xcconfig; name = "Pods-CoffeeNowApp.debug.xcconfig"; path = "Target Support Files/Pods-CoffeeNowApp/Pods-CoffeeNowApp.debug.xcconfig"; sourceTree = "<group>"; };
		EA1F916728FD841600C5FAE9 /* CoffeeNowApp.app */ = {isa = PBXFileReference; explicitFileType = wrapper.application; includeInIndex = 0; path = CoffeeNowApp.app; sourceTree = BUILT_PRODUCTS_DIR; };
		EA1F916A28FD841600C5FAE9 /* AppDelegate.swift */ = {isa = PBXFileReference; lastKnownFileType = sourcecode.swift; path = AppDelegate.swift; sourceTree = "<group>"; };
		EA1F916C28FD841600C5FAE9 /* SceneDelegate.swift */ = {isa = PBXFileReference; lastKnownFileType = sourcecode.swift; path = SceneDelegate.swift; sourceTree = "<group>"; };
		EA1F917328FD841800C5FAE9 /* Assets.xcassets */ = {isa = PBXFileReference; lastKnownFileType = folder.assetcatalog; path = Assets.xcassets; sourceTree = "<group>"; };
		EA1F917628FD841800C5FAE9 /* Base */ = {isa = PBXFileReference; lastKnownFileType = file.storyboard; name = Base; path = Base.lproj/LaunchScreen.storyboard; sourceTree = "<group>"; };
		EA1F917828FD841800C5FAE9 /* Info.plist */ = {isa = PBXFileReference; lastKnownFileType = text.plist.xml; path = Info.plist; sourceTree = "<group>"; };
		EA1F917E28FD84B500C5FAE9 /* SplashViewController.swift */ = {isa = PBXFileReference; lastKnownFileType = sourcecode.swift; path = SplashViewController.swift; sourceTree = "<group>"; };
		EA1F918528FD860800C5FAE9 /* Constants.swift */ = {isa = PBXFileReference; lastKnownFileType = sourcecode.swift; path = Constants.swift; sourceTree = "<group>"; };
		EA1F918728FD8CB600C5FAE9 /* LoginViewController.swift */ = {isa = PBXFileReference; lastKnownFileType = sourcecode.swift; path = LoginViewController.swift; sourceTree = "<group>"; };
		EA2315AD2906A3F100A38169 /* CustomTextFieldTableViewCell.swift */ = {isa = PBXFileReference; lastKnownFileType = sourcecode.swift; path = CustomTextFieldTableViewCell.swift; sourceTree = "<group>"; };
		EA2315AF2907CF7500A38169 /* CustomYellowButtonTableViewCell.swift */ = {isa = PBXFileReference; lastKnownFileType = sourcecode.swift; path = CustomYellowButtonTableViewCell.swift; sourceTree = "<group>"; };
		EA2315B12907D6C400A38169 /* UIColorExtention.swift */ = {isa = PBXFileReference; lastKnownFileType = sourcecode.swift; path = UIColorExtention.swift; sourceTree = "<group>"; };
		EA2315B32907D7F700A38169 /* Enums.swift */ = {isa = PBXFileReference; lastKnownFileType = sourcecode.swift; path = Enums.swift; sourceTree = "<group>"; };
		EA2315B52907DF8200A38169 /* QuestionTextTableViewCell.swift */ = {isa = PBXFileReference; lastKnownFileType = sourcecode.swift; path = QuestionTextTableViewCell.swift; sourceTree = "<group>"; };
		EA2315B72907E82D00A38169 /* orDividerTableViewCell.swift */ = {isa = PBXFileReference; lastKnownFileType = sourcecode.swift; path = orDividerTableViewCell.swift; sourceTree = "<group>"; };
		EA2315B92907E9CF00A38169 /* socialMediaButtonsTableViewCell.swift */ = {isa = PBXFileReference; lastKnownFileType = sourcecode.swift; path = socialMediaButtonsTableViewCell.swift; sourceTree = "<group>"; };
		EA279C3C29080851002DCEC8 /* RegisterViewController.swift */ = {isa = PBXFileReference; lastKnownFileType = sourcecode.swift; path = RegisterViewController.swift; sourceTree = "<group>"; };
		EA279C3E290815BD002DCEC8 /* AddressViewController.swift */ = {isa = PBXFileReference; lastKnownFileType = sourcecode.swift; path = AddressViewController.swift; sourceTree = "<group>"; };
		EA4B9265290A8A1B0078C283 /* CoffeeCollectionViewCell.swift */ = {isa = PBXFileReference; lastKnownFileType = sourcecode.swift; path = CoffeeCollectionViewCell.swift; sourceTree = "<group>"; };
		EAA01DAA29081F1800ABBA3B /* TwoTextFieldTableViewCell.swift */ = {isa = PBXFileReference; lastKnownFileType = sourcecode.swift; path = TwoTextFieldTableViewCell.swift; sourceTree = "<group>"; };
		EAA01DAC29091EAE00ABBA3B /* SkipButtonTableViewCell.swift */ = {isa = PBXFileReference; lastKnownFileType = sourcecode.swift; path = SkipButtonTableViewCell.swift; sourceTree = "<group>"; };
		EAA01DAE290922DA00ABBA3B /* ForgotPasswordViewController.swift */ = {isa = PBXFileReference; lastKnownFileType = sourcecode.swift; path = ForgotPasswordViewController.swift; sourceTree = "<group>"; };
		EAA01DB22909259300ABBA3B /* TextLabelTableViewCell.swift */ = {isa = PBXFileReference; lastKnownFileType = sourcecode.swift; path = TextLabelTableViewCell.swift; sourceTree = "<group>"; };
		EAA01DB429092B8E00ABBA3B /* HomePageViewController.swift */ = {isa = PBXFileReference; lastKnownFileType = sourcecode.swift; path = HomePageViewController.swift; sourceTree = "<group>"; };
		EAA01DB629093A6B00ABBA3B /* HomePageHeaderView.swift */ = {isa = PBXFileReference; lastKnownFileType = sourcecode.swift; path = HomePageHeaderView.swift; sourceTree = "<group>"; };
		EAA01DB92909460600ABBA3B /* Poppins-Regular.ttf */ = {isa = PBXFileReference; lastKnownFileType = file; path = "Poppins-Regular.ttf"; sourceTree = "<group>"; };
		EAA01DBB290948DE00ABBA3B /* Poppins-SemiBold.ttf */ = {isa = PBXFileReference; lastKnownFileType = file; path = "Poppins-SemiBold.ttf"; sourceTree = "<group>"; };
		EAA01DBD29094C1800ABBA3B /* BebasNeue-Regular.ttf */ = {isa = PBXFileReference; lastKnownFileType = file; path = "BebasNeue-Regular.ttf"; sourceTree = "<group>"; };
		EAA01DBF290952C400ABBA3B /* BannerImageTableViewCell.swift */ = {isa = PBXFileReference; lastKnownFileType = sourcecode.swift; path = BannerImageTableViewCell.swift; sourceTree = "<group>"; };
		EAA8455029054FD100C7696C /* CustomBorderButtonCell.swift */ = {isa = PBXFileReference; lastKnownFileType = sourcecode.swift; path = CustomBorderButtonCell.swift; sourceTree = "<group>"; };
		EAA845522905547800C7696C /* LogoBrandView.swift */ = {isa = PBXFileReference; lastKnownFileType = sourcecode.swift; path = LogoBrandView.swift; sourceTree = "<group>"; };
		EAF0D6C1290972090062E178 /* RecommendedCoffeesTableViewCell.swift */ = {isa = PBXFileReference; lastKnownFileType = sourcecode.swift; path = RecommendedCoffeesTableViewCell.swift; sourceTree = "<group>"; };
		EAF0D6C3290975810062E178 /* CoffeeView.swift */ = {isa = PBXFileReference; lastKnownFileType = sourcecode.swift; path = CoffeeView.swift; sourceTree = "<group>"; };
/* End PBXFileReference section */

/* Begin PBXFrameworksBuildPhase section */
		EA1F916428FD841600C5FAE9 /* Frameworks */ = {
			isa = PBXFrameworksBuildPhase;
			buildActionMask = 2147483647;
			files = (
				68D9B0298078CAF2A6644E06 /* Pods_CoffeeNowApp.framework in Frameworks */,
			);
			runOnlyForDeploymentPostprocessing = 0;
		};
/* End PBXFrameworksBuildPhase section */

/* Begin PBXGroup section */
		27DDC86F7E859F0D3F9AFEFE /* Frameworks */ = {
			isa = PBXGroup;
			children = (
				47C597BBCC137D9EE2D3998C /* Pods_CoffeeNowApp.framework */,
			);
			name = Frameworks;
			sourceTree = "<group>";
		};
		77D7B675E18BF4CA96C9A5CD /* Pods */ = {
			isa = PBXGroup;
			children = (
				BB7CBCC50FE7FECEB940DE59 /* Pods-CoffeeNowApp.debug.xcconfig */,
				73FAD27778A8E372053A766B /* Pods-CoffeeNowApp.release.xcconfig */,
			);
			path = Pods;
			sourceTree = "<group>";
		};
		EA1F915E28FD841600C5FAE9 = {
			isa = PBXGroup;
			children = (
				EA1F916928FD841600C5FAE9 /* CoffeeNowApp */,
				EA1F916828FD841600C5FAE9 /* Products */,
				77D7B675E18BF4CA96C9A5CD /* Pods */,
				27DDC86F7E859F0D3F9AFEFE /* Frameworks */,
			);
			sourceTree = "<group>";
		};
		EA1F916828FD841600C5FAE9 /* Products */ = {
			isa = PBXGroup;
			children = (
				EA1F916728FD841600C5FAE9 /* CoffeeNowApp.app */,
			);
			name = Products;
			sourceTree = "<group>";
		};
		EA1F916928FD841600C5FAE9 /* CoffeeNowApp */ = {
			isa = PBXGroup;
			children = (
				EA1F916A28FD841600C5FAE9 /* AppDelegate.swift */,
				EA1F916C28FD841600C5FAE9 /* SceneDelegate.swift */,
				EA1F918428FD856D00C5FAE9 /* Model */,
				EA1F918228FD855900C5FAE9 /* CustomView */,
				EA1F918328FD856000C5FAE9 /* Controller  */,
				EA1F918128FD855200C5FAE9 /* Cells */,
				EA1F918028FD854500C5FAE9 /* Utils */,
				EA1F917328FD841800C5FAE9 /* Assets.xcassets */,
				EA1F917528FD841800C5FAE9 /* LaunchScreen.storyboard */,
				EA1F917828FD841800C5FAE9 /* Info.plist */,
			);
			path = CoffeeNowApp;
			sourceTree = "<group>";
		};
		EA1F918028FD854500C5FAE9 /* Utils */ = {
			isa = PBXGroup;
			children = (
				EAA01DB82909441C00ABBA3B /* Fonts */,
				EA1F918528FD860800C5FAE9 /* Constants.swift */,
				EA2315B12907D6C400A38169 /* UIColorExtention.swift */,
				EA2315B32907D7F700A38169 /* Enums.swift */,
			);
			path = Utils;
			sourceTree = "<group>";
		};
		EA1F918128FD855200C5FAE9 /* Cells */ = {
			isa = PBXGroup;
			children = (
				EA2315AD2906A3F100A38169 /* CustomTextFieldTableViewCell.swift */,
				EAA01DAA29081F1800ABBA3B /* TwoTextFieldTableViewCell.swift */,
				EA2315AF2907CF7500A38169 /* CustomYellowButtonTableViewCell.swift */,
				EAA8455029054FD100C7696C /* CustomBorderButtonCell.swift */,
				EA2315B52907DF8200A38169 /* QuestionTextTableViewCell.swift */,
				EA2315B72907E82D00A38169 /* orDividerTableViewCell.swift */,
				EA2315B92907E9CF00A38169 /* socialMediaButtonsTableViewCell.swift */,
				EAA01DAC29091EAE00ABBA3B /* SkipButtonTableViewCell.swift */,
				EAA01DB22909259300ABBA3B /* TextLabelTableViewCell.swift */,
				EAA01DBF290952C400ABBA3B /* BannerImageTableViewCell.swift */,
				EA4B9265290A8A1B0078C283 /* CoffeeCollectionViewCell.swift */,
				EAF0D6C1290972090062E178 /* RecommendedCoffeesTableViewCell.swift */,
			);
			path = Cells;
			sourceTree = "<group>";
		};
		EA1F918228FD855900C5FAE9 /* CustomView */ = {
			isa = PBXGroup;
			children = (
				EAA845522905547800C7696C /* LogoBrandView.swift */,
				EAA01DB629093A6B00ABBA3B /* HomePageHeaderView.swift */,
				EAF0D6C3290975810062E178 /* CoffeeView.swift */,
			);
			path = CustomView;
			sourceTree = "<group>";
		};
		EA1F918328FD856000C5FAE9 /* Controller  */ = {
			isa = PBXGroup;
			children = (
				EA1F917E28FD84B500C5FAE9 /* SplashViewController.swift */,
				EA1F918728FD8CB600C5FAE9 /* LoginViewController.swift */,
				EA279C3C29080851002DCEC8 /* RegisterViewController.swift */,
				EA279C3E290815BD002DCEC8 /* AddressViewController.swift */,
				EAA01DAE290922DA00ABBA3B /* ForgotPasswordViewController.swift */,
				EAA01DB429092B8E00ABBA3B /* HomePageViewController.swift */,
			);
			path = "Controller ";
			sourceTree = "<group>";
		};
		EA1F918428FD856D00C5FAE9 /* Model */ = {
			isa = PBXGroup;
			children = (
			);
			path = Model;
			sourceTree = "<group>";
		};
		EAA01DB82909441C00ABBA3B /* Fonts */ = {
			isa = PBXGroup;
			children = (
				EAA01DBD29094C1800ABBA3B /* BebasNeue-Regular.ttf */,
				EAA01DBB290948DE00ABBA3B /* Poppins-SemiBold.ttf */,
				EAA01DB92909460600ABBA3B /* Poppins-Regular.ttf */,
			);
			path = Fonts;
			sourceTree = "<group>";
		};
/* End PBXGroup section */

/* Begin PBXNativeTarget section */
		EA1F916628FD841600C5FAE9 /* CoffeeNowApp */ = {
			isa = PBXNativeTarget;
			buildConfigurationList = EA1F917B28FD841800C5FAE9 /* Build configuration list for PBXNativeTarget "CoffeeNowApp" */;
			buildPhases = (
				6DC43FE5745397DEC0B41A1C /* [CP] Check Pods Manifest.lock */,
				EA1F916328FD841600C5FAE9 /* Sources */,
				EA1F916428FD841600C5FAE9 /* Frameworks */,
				EA1F916528FD841600C5FAE9 /* Resources */,
				229BE3804527F876D072FFE9 /* [CP] Embed Pods Frameworks */,
			);
			buildRules = (
			);
			dependencies = (
			);
			name = CoffeeNowApp;
			productName = CoffeeNowApp;
			productReference = EA1F916728FD841600C5FAE9 /* CoffeeNowApp.app */;
			productType = "com.apple.product-type.application";
		};
/* End PBXNativeTarget section */

/* Begin PBXProject section */
		EA1F915F28FD841600C5FAE9 /* Project object */ = {
			isa = PBXProject;
			attributes = {
				BuildIndependentTargetsInParallel = 1;
				LastSwiftUpdateCheck = 1320;
				LastUpgradeCheck = 1320;
				TargetAttributes = {
					EA1F916628FD841600C5FAE9 = {
						CreatedOnToolsVersion = 13.2.1;
					};
				};
			};
			buildConfigurationList = EA1F916228FD841600C5FAE9 /* Build configuration list for PBXProject "CoffeeNowApp" */;
			compatibilityVersion = "Xcode 13.0";
			developmentRegion = en;
			hasScannedForEncodings = 0;
			knownRegions = (
				en,
				Base,
			);
			mainGroup = EA1F915E28FD841600C5FAE9;
			productRefGroup = EA1F916828FD841600C5FAE9 /* Products */;
			projectDirPath = "";
			projectRoot = "";
			targets = (
				EA1F916628FD841600C5FAE9 /* CoffeeNowApp */,
			);
		};
/* End PBXProject section */

/* Begin PBXResourcesBuildPhase section */
		EA1F916528FD841600C5FAE9 /* Resources */ = {
			isa = PBXResourcesBuildPhase;
			buildActionMask = 2147483647;
			files = (
				EAA01DBE29094C1800ABBA3B /* BebasNeue-Regular.ttf in Resources */,
				EAA01DBA2909460600ABBA3B /* Poppins-Regular.ttf in Resources */,
				EAA01DBC290948DE00ABBA3B /* Poppins-SemiBold.ttf in Resources */,
				EA1F917728FD841800C5FAE9 /* LaunchScreen.storyboard in Resources */,
				EA1F917428FD841800C5FAE9 /* Assets.xcassets in Resources */,
			);
			runOnlyForDeploymentPostprocessing = 0;
		};
/* End PBXResourcesBuildPhase section */

/* Begin PBXShellScriptBuildPhase section */
		229BE3804527F876D072FFE9 /* [CP] Embed Pods Frameworks */ = {
			isa = PBXShellScriptBuildPhase;
			buildActionMask = 2147483647;
			files = (
			);
			inputFileListPaths = (
				"${PODS_ROOT}/Target Support Files/Pods-CoffeeNowApp/Pods-CoffeeNowApp-frameworks-${CONFIGURATION}-input-files.xcfilelist",
			);
			name = "[CP] Embed Pods Frameworks";
			outputFileListPaths = (
				"${PODS_ROOT}/Target Support Files/Pods-CoffeeNowApp/Pods-CoffeeNowApp-frameworks-${CONFIGURATION}-output-files.xcfilelist",
			);
			runOnlyForDeploymentPostprocessing = 0;
			shellPath = /bin/sh;
			shellScript = "\"${PODS_ROOT}/Target Support Files/Pods-CoffeeNowApp/Pods-CoffeeNowApp-frameworks.sh\"\n";
			showEnvVarsInLog = 0;
		};
		6DC43FE5745397DEC0B41A1C /* [CP] Check Pods Manifest.lock */ = {
			isa = PBXShellScriptBuildPhase;
			buildActionMask = 2147483647;
			files = (
			);
			inputFileListPaths = (
			);
			inputPaths = (
				"${PODS_PODFILE_DIR_PATH}/Podfile.lock",
				"${PODS_ROOT}/Manifest.lock",
			);
			name = "[CP] Check Pods Manifest.lock";
			outputFileListPaths = (
			);
			outputPaths = (
				"$(DERIVED_FILE_DIR)/Pods-CoffeeNowApp-checkManifestLockResult.txt",
			);
			runOnlyForDeploymentPostprocessing = 0;
			shellPath = /bin/sh;
			shellScript = "diff \"${PODS_PODFILE_DIR_PATH}/Podfile.lock\" \"${PODS_ROOT}/Manifest.lock\" > /dev/null\nif [ $? != 0 ] ; then\n    # print error to STDERR\n    echo \"error: The sandbox is not in sync with the Podfile.lock. Run 'pod install' or update your CocoaPods installation.\" >&2\n    exit 1\nfi\n# This output is used by Xcode 'outputs' to avoid re-running this script phase.\necho \"SUCCESS\" > \"${SCRIPT_OUTPUT_FILE_0}\"\n";
			showEnvVarsInLog = 0;
		};
/* End PBXShellScriptBuildPhase section */

/* Begin PBXSourcesBuildPhase section */
		EA1F916328FD841600C5FAE9 /* Sources */ = {
			isa = PBXSourcesBuildPhase;
			buildActionMask = 2147483647;
			files = (
				EA1F916B28FD841600C5FAE9 /* AppDelegate.swift in Sources */,
				EA1F916D28FD841600C5FAE9 /* SceneDelegate.swift in Sources */,
				EA2315B02907CF7500A38169 /* CustomYellowButtonTableViewCell.swift in Sources */,
				EA2315AE2906A3F100A38169 /* CustomTextFieldTableViewCell.swift in Sources */,
				EA2315B62907DF8200A38169 /* QuestionTextTableViewCell.swift in Sources */,
				EAA01DAB29081F1800ABBA3B /* TwoTextFieldTableViewCell.swift in Sources */,
				EAA01DAD29091EAE00ABBA3B /* SkipButtonTableViewCell.swift in Sources */,
				EAA01DAF290922DA00ABBA3B /* ForgotPasswordViewController.swift in Sources */,
				EAA01DB529092B8E00ABBA3B /* HomePageViewController.swift in Sources */,
				EAA8455129054FD100C7696C /* CustomBorderButtonCell.swift in Sources */,
				EA279C3D29080851002DCEC8 /* RegisterViewController.swift in Sources */,
				EA1F917F28FD84B500C5FAE9 /* SplashViewController.swift in Sources */,
				EA2315B82907E82D00A38169 /* orDividerTableViewCell.swift in Sources */,
				EA2315BA2907E9CF00A38169 /* socialMediaButtonsTableViewCell.swift in Sources */,
				EAF0D6C4290975810062E178 /* CoffeeView.swift in Sources */,
				EAA845532905547800C7696C /* LogoBrandView.swift in Sources */,
				EA279C3F290815BD002DCEC8 /* AddressViewController.swift in Sources */,
				EAA01DB32909259300ABBA3B /* TextLabelTableViewCell.swift in Sources */,
				EAF0D6C2290972090062E178 /* RecommendedCoffeesTableViewCell.swift in Sources */,
				EA2315B22907D6C400A38169 /* UIColorExtention.swift in Sources */,
				EA1F918828FD8CB600C5FAE9 /* LoginViewController.swift in Sources */,
				EAA01DB729093A6B00ABBA3B /* HomePageHeaderView.swift in Sources */,
				EAA01DC0290952C400ABBA3B /* BannerImageTableViewCell.swift in Sources */,
				EA2315B42907D7F700A38169 /* Enums.swift in Sources */,
				EA4B9266290A8A1B0078C283 /* CoffeeCollectionViewCell.swift in Sources */,
				EA1F918628FD860800C5FAE9 /* Constants.swift in Sources */,
			);
			runOnlyForDeploymentPostprocessing = 0;
		};
/* End PBXSourcesBuildPhase section */

/* Begin PBXVariantGroup section */
		EA1F917528FD841800C5FAE9 /* LaunchScreen.storyboard */ = {
			isa = PBXVariantGroup;
			children = (
				EA1F917628FD841800C5FAE9 /* Base */,
			);
			name = LaunchScreen.storyboard;
			sourceTree = "<group>";
		};
/* End PBXVariantGroup section */

/* Begin XCBuildConfiguration section */
		EA1F917928FD841800C5FAE9 /* Debug */ = {
			isa = XCBuildConfiguration;
			buildSettings = {
				ALWAYS_SEARCH_USER_PATHS = NO;
				CLANG_ANALYZER_NONNULL = YES;
				CLANG_ANALYZER_NUMBER_OBJECT_CONVERSION = YES_AGGRESSIVE;
				CLANG_CXX_LANGUAGE_STANDARD = "gnu++17";
				CLANG_CXX_LIBRARY = "libc++";
				CLANG_ENABLE_MODULES = YES;
				CLANG_ENABLE_OBJC_ARC = YES;
				CLANG_ENABLE_OBJC_WEAK = YES;
				CLANG_WARN_BLOCK_CAPTURE_AUTORELEASING = YES;
				CLANG_WARN_BOOL_CONVERSION = YES;
				CLANG_WARN_COMMA = YES;
				CLANG_WARN_CONSTANT_CONVERSION = YES;
				CLANG_WARN_DEPRECATED_OBJC_IMPLEMENTATIONS = YES;
				CLANG_WARN_DIRECT_OBJC_ISA_USAGE = YES_ERROR;
				CLANG_WARN_DOCUMENTATION_COMMENTS = YES;
				CLANG_WARN_EMPTY_BODY = YES;
				CLANG_WARN_ENUM_CONVERSION = YES;
				CLANG_WARN_INFINITE_RECURSION = YES;
				CLANG_WARN_INT_CONVERSION = YES;
				CLANG_WARN_NON_LITERAL_NULL_CONVERSION = YES;
				CLANG_WARN_OBJC_IMPLICIT_RETAIN_SELF = YES;
				CLANG_WARN_OBJC_LITERAL_CONVERSION = YES;
				CLANG_WARN_OBJC_ROOT_CLASS = YES_ERROR;
				CLANG_WARN_QUOTED_INCLUDE_IN_FRAMEWORK_HEADER = YES;
				CLANG_WARN_RANGE_LOOP_ANALYSIS = YES;
				CLANG_WARN_STRICT_PROTOTYPES = YES;
				CLANG_WARN_SUSPICIOUS_MOVE = YES;
				CLANG_WARN_UNGUARDED_AVAILABILITY = YES_AGGRESSIVE;
				CLANG_WARN_UNREACHABLE_CODE = YES;
				CLANG_WARN__DUPLICATE_METHOD_MATCH = YES;
				COPY_PHASE_STRIP = NO;
				DEBUG_INFORMATION_FORMAT = dwarf;
				ENABLE_STRICT_OBJC_MSGSEND = YES;
				ENABLE_TESTABILITY = YES;
				GCC_C_LANGUAGE_STANDARD = gnu11;
				GCC_DYNAMIC_NO_PIC = NO;
				GCC_NO_COMMON_BLOCKS = YES;
				GCC_OPTIMIZATION_LEVEL = 0;
				GCC_PREPROCESSOR_DEFINITIONS = (
					"DEBUG=1",
					"$(inherited)",
				);
				GCC_WARN_64_TO_32_BIT_CONVERSION = YES;
				GCC_WARN_ABOUT_RETURN_TYPE = YES_ERROR;
				GCC_WARN_UNDECLARED_SELECTOR = YES;
				GCC_WARN_UNINITIALIZED_AUTOS = YES_AGGRESSIVE;
				GCC_WARN_UNUSED_FUNCTION = YES;
				GCC_WARN_UNUSED_VARIABLE = YES;
				IPHONEOS_DEPLOYMENT_TARGET = 15.2;
				MTL_ENABLE_DEBUG_INFO = INCLUDE_SOURCE;
				MTL_FAST_MATH = YES;
				ONLY_ACTIVE_ARCH = YES;
				SDKROOT = iphoneos;
				SWIFT_ACTIVE_COMPILATION_CONDITIONS = DEBUG;
				SWIFT_OPTIMIZATION_LEVEL = "-Onone";
			};
			name = Debug;
		};
		EA1F917A28FD841800C5FAE9 /* Release */ = {
			isa = XCBuildConfiguration;
			buildSettings = {
				ALWAYS_SEARCH_USER_PATHS = NO;
				CLANG_ANALYZER_NONNULL = YES;
				CLANG_ANALYZER_NUMBER_OBJECT_CONVERSION = YES_AGGRESSIVE;
				CLANG_CXX_LANGUAGE_STANDARD = "gnu++17";
				CLANG_CXX_LIBRARY = "libc++";
				CLANG_ENABLE_MODULES = YES;
				CLANG_ENABLE_OBJC_ARC = YES;
				CLANG_ENABLE_OBJC_WEAK = YES;
				CLANG_WARN_BLOCK_CAPTURE_AUTORELEASING = YES;
				CLANG_WARN_BOOL_CONVERSION = YES;
				CLANG_WARN_COMMA = YES;
				CLANG_WARN_CONSTANT_CONVERSION = YES;
				CLANG_WARN_DEPRECATED_OBJC_IMPLEMENTATIONS = YES;
				CLANG_WARN_DIRECT_OBJC_ISA_USAGE = YES_ERROR;
				CLANG_WARN_DOCUMENTATION_COMMENTS = YES;
				CLANG_WARN_EMPTY_BODY = YES;
				CLANG_WARN_ENUM_CONVERSION = YES;
				CLANG_WARN_INFINITE_RECURSION = YES;
				CLANG_WARN_INT_CONVERSION = YES;
				CLANG_WARN_NON_LITERAL_NULL_CONVERSION = YES;
				CLANG_WARN_OBJC_IMPLICIT_RETAIN_SELF = YES;
				CLANG_WARN_OBJC_LITERAL_CONVERSION = YES;
				CLANG_WARN_OBJC_ROOT_CLASS = YES_ERROR;
				CLANG_WARN_QUOTED_INCLUDE_IN_FRAMEWORK_HEADER = YES;
				CLANG_WARN_RANGE_LOOP_ANALYSIS = YES;
				CLANG_WARN_STRICT_PROTOTYPES = YES;
				CLANG_WARN_SUSPICIOUS_MOVE = YES;
				CLANG_WARN_UNGUARDED_AVAILABILITY = YES_AGGRESSIVE;
				CLANG_WARN_UNREACHABLE_CODE = YES;
				CLANG_WARN__DUPLICATE_METHOD_MATCH = YES;
				COPY_PHASE_STRIP = NO;
				DEBUG_INFORMATION_FORMAT = "dwarf-with-dsym";
				ENABLE_NS_ASSERTIONS = NO;
				ENABLE_STRICT_OBJC_MSGSEND = YES;
				GCC_C_LANGUAGE_STANDARD = gnu11;
				GCC_NO_COMMON_BLOCKS = YES;
				GCC_WARN_64_TO_32_BIT_CONVERSION = YES;
				GCC_WARN_ABOUT_RETURN_TYPE = YES_ERROR;
				GCC_WARN_UNDECLARED_SELECTOR = YES;
				GCC_WARN_UNINITIALIZED_AUTOS = YES_AGGRESSIVE;
				GCC_WARN_UNUSED_FUNCTION = YES;
				GCC_WARN_UNUSED_VARIABLE = YES;
				IPHONEOS_DEPLOYMENT_TARGET = 15.2;
				MTL_ENABLE_DEBUG_INFO = NO;
				MTL_FAST_MATH = YES;
				SDKROOT = iphoneos;
				SWIFT_COMPILATION_MODE = wholemodule;
				SWIFT_OPTIMIZATION_LEVEL = "-O";
				VALIDATE_PRODUCT = YES;
			};
			name = Release;
		};
		EA1F917C28FD841800C5FAE9 /* Debug */ = {
			isa = XCBuildConfiguration;
			baseConfigurationReference = BB7CBCC50FE7FECEB940DE59 /* Pods-CoffeeNowApp.debug.xcconfig */;
			buildSettings = {
				ASSETCATALOG_COMPILER_APPICON_NAME = AppIcon;
				ASSETCATALOG_COMPILER_GLOBAL_ACCENT_COLOR_NAME = AccentColor;
				CODE_SIGN_STYLE = Automatic;
				CURRENT_PROJECT_VERSION = 1;
				DEVELOPMENT_TEAM = 245CFNF5C7;
				GENERATE_INFOPLIST_FILE = YES;
				INFOPLIST_FILE = CoffeeNowApp/Info.plist;
				INFOPLIST_KEY_UIApplicationSupportsIndirectInputEvents = YES;
				INFOPLIST_KEY_UILaunchStoryboardName = LaunchScreen;
				INFOPLIST_KEY_UISupportedInterfaceOrientations_iPad = "UIInterfaceOrientationPortrait UIInterfaceOrientationPortraitUpsideDown UIInterfaceOrientationLandscapeLeft UIInterfaceOrientationLandscapeRight";
				INFOPLIST_KEY_UISupportedInterfaceOrientations_iPhone = "UIInterfaceOrientationPortrait UIInterfaceOrientationLandscapeLeft UIInterfaceOrientationLandscapeRight";
				LD_RUNPATH_SEARCH_PATHS = (
					"$(inherited)",
					"@executable_path/Frameworks",
				);
				MARKETING_VERSION = 1.0;
				PRODUCT_BUNDLE_IDENTIFIER = "ru.narzikulov-99-mail.CoffeeNowApp";
				PRODUCT_NAME = "$(TARGET_NAME)";
				SWIFT_EMIT_LOC_STRINGS = YES;
				SWIFT_VERSION = 5.0;
				TARGETED_DEVICE_FAMILY = "1,2";
			};
			name = Debug;
		};
		EA1F917D28FD841800C5FAE9 /* Release */ = {
			isa = XCBuildConfiguration;
			baseConfigurationReference = 73FAD27778A8E372053A766B /* Pods-CoffeeNowApp.release.xcconfig */;
			buildSettings = {
				ASSETCATALOG_COMPILER_APPICON_NAME = AppIcon;
				ASSETCATALOG_COMPILER_GLOBAL_ACCENT_COLOR_NAME = AccentColor;
				CODE_SIGN_STYLE = Automatic;
				CURRENT_PROJECT_VERSION = 1;
				DEVELOPMENT_TEAM = 245CFNF5C7;
				GENERATE_INFOPLIST_FILE = YES;
				INFOPLIST_FILE = CoffeeNowApp/Info.plist;
				INFOPLIST_KEY_UIApplicationSupportsIndirectInputEvents = YES;
				INFOPLIST_KEY_UILaunchStoryboardName = LaunchScreen;
				INFOPLIST_KEY_UISupportedInterfaceOrientations_iPad = "UIInterfaceOrientationPortrait UIInterfaceOrientationPortraitUpsideDown UIInterfaceOrientationLandscapeLeft UIInterfaceOrientationLandscapeRight";
				INFOPLIST_KEY_UISupportedInterfaceOrientations_iPhone = "UIInterfaceOrientationPortrait UIInterfaceOrientationLandscapeLeft UIInterfaceOrientationLandscapeRight";
				LD_RUNPATH_SEARCH_PATHS = (
					"$(inherited)",
					"@executable_path/Frameworks",
				);
				MARKETING_VERSION = 1.0;
				PRODUCT_BUNDLE_IDENTIFIER = "ru.narzikulov-99-mail.CoffeeNowApp";
				PRODUCT_NAME = "$(TARGET_NAME)";
				SWIFT_EMIT_LOC_STRINGS = YES;
				SWIFT_VERSION = 5.0;
				TARGETED_DEVICE_FAMILY = "1,2";
			};
			name = Release;
		};
/* End XCBuildConfiguration section */

/* Begin XCConfigurationList section */
		EA1F916228FD841600C5FAE9 /* Build configuration list for PBXProject "CoffeeNowApp" */ = {
			isa = XCConfigurationList;
			buildConfigurations = (
				EA1F917928FD841800C5FAE9 /* Debug */,
				EA1F917A28FD841800C5FAE9 /* Release */,
			);
			defaultConfigurationIsVisible = 0;
			defaultConfigurationName = Release;
		};
		EA1F917B28FD841800C5FAE9 /* Build configuration list for PBXNativeTarget "CoffeeNowApp" */ = {
			isa = XCConfigurationList;
			buildConfigurations = (
				EA1F917C28FD841800C5FAE9 /* Debug */,
				EA1F917D28FD841800C5FAE9 /* Release */,
			);
			defaultConfigurationIsVisible = 0;
			defaultConfigurationName = Release;
		};
/* End XCConfigurationList section */
	};
	rootObject = EA1F915F28FD841600C5FAE9 /* Project object */;
}
